
Microsoft Visual Studio Solution File, Format Version 12.00
# Visual Studio 14
VisualStudioVersion = 14.0.24720.0
MinimumVisualStudioVersion = 10.0.40219.1
Project("{FAE04EC0-301F-11D3-BF4B-00C04F79EFBC}") = "ClassAct2", "ClassAct2\ClassAct2.csproj", "{9CF2C6E0-92A0-4FA9-9737-17E9C92CCE34}"
EndProject
Global
	GlobalSection(SolutionConfigurationPlatforms) = preSolution
		Debug|Any CPU = Debug|Any CPU
		Release|Any CPU = Release|Any CPU
	EndGlobalSection
	GlobalSection(ProjectConfigurationPlatforms) = postSolution
		{9CF2C6E0-92A0-4FA9-9737-17E9C92CCE34}.Debug|Any CPU.ActiveCfg = Debug|Any CPU
		{9CF2C6E0-92A0-4FA9-9737-17E9C92CCE34}.Debug|Any CPU.Build.0 = Debug|Any CPU
		{9CF2C6E0-92A0-4FA9-9737-17E9C92CCE34}.Release|Any CPU.ActiveCfg = Release|Any CPU
		{9CF2C6E0-92A0-4FA9-9737-17E9C92CCE34}.Release|Any CPU.Build.0 = Release|Any CPU
	EndGlobalSection
	GlobalSection(SolutionProperties) = preSolution
		HideSolutionNode = FALSE
	EndGlobalSection
EndGlobal
